// !$*UTF8*$!
{
	archiveVersion = 1;
	classes = {
	};
	objectVersion = 46;
	objects = {

/* Begin PBXBuildFile section */
		B2C573201F320083004D2B22 /* AppDelegate.swift in Sources */ = {isa = PBXBuildFile; fileRef = B2C5731F1F320083004D2B22 /* AppDelegate.swift */; };
		B2C573221F320083004D2B22 /* ViewController.swift in Sources */ = {isa = PBXBuildFile; fileRef = B2C573211F320083004D2B22 /* ViewController.swift */; };
		B2C573251F320083004D2B22 /* Main.storyboard in Resources */ = {isa = PBXBuildFile; fileRef = B2C573231F320083004D2B22 /* Main.storyboard */; };
		B2C573271F320083004D2B22 /* Assets.xcassets in Resources */ = {isa = PBXBuildFile; fileRef = B2C573261F320083004D2B22 /* Assets.xcassets */; };
		B2C5732A1F320083004D2B22 /* LaunchScreen.storyboard in Resources */ = {isa = PBXBuildFile; fileRef = B2C573281F320083004D2B22 /* LaunchScreen.storyboard */; };
		B2C573331F320441004D2B22 /* GenderTextField.swift in Sources */ = {isa = PBXBuildFile; fileRef = B2C573321F320441004D2B22 /* GenderTextField.swift */; };
/* End PBXBuildFile section */

/* Begin PBXFileReference section */
		B2C5731C1F320083004D2B22 /* TextFieldProject.app */ = {isa = PBXFileReference; explicitFileType = wrapper.application; includeInIndex = 0; path = TextFieldProject.app; sourceTree = BUILT_PRODUCTS_DIR; };
		B2C5731F1F320083004D2B22 /* AppDelegate.swift */ = {isa = PBXFileReference; lastKnownFileType = sourcecode.swift; path = AppDelegate.swift; sourceTree = "<group>"; };
		B2C573211F320083004D2B22 /* ViewController.swift */ = {isa = PBXFileReference; lastKnownFileType = sourcecode.swift; path = ViewController.swift; sourceTree = "<group>"; };
		B2C573241F320083004D2B22 /* Base */ = {isa = PBXFileReference; lastKnownFileType = file.storyboard; name = Base; path = Base.lproj/Main.storyboard; sourceTree = "<group>"; };
		B2C573261F320083004D2B22 /* Assets.xcassets */ = {isa = PBXFileReference; lastKnownFileType = folder.assetcatalog; path = Assets.xcassets; sourceTree = "<group>"; };
		B2C573291F320083004D2B22 /* Base */ = {isa = PBXFileReference; lastKnownFileType = file.storyboard; name = Base; path = Base.lproj/LaunchScreen.storyboard; sourceTree = "<group>"; };
		B2C5732B1F320083004D2B22 /* Info.plist */ = {isa = PBXFileReference; lastKnownFileType = text.plist.xml; path = Info.plist; sourceTree = "<group>"; };
		B2C573321F320441004D2B22 /* GenderTextField.swift */ = {isa = PBXFileReference; fileEncoding = 4; lastKnownFileType = sourcecode.swift; path = GenderTextField.swift; sourceTree = "<group>"; };
/* End PBXFileReference section */

/* Begin PBXFrameworksBuildPhase section */
		B2C573191F320083004D2B22 /* Frameworks */ = {
			isa = PBXFrameworksBuildPhase;
			buildActionMask = 2147483647;
			files = (
			);
			runOnlyForDeploymentPostprocessing = 0;
		};
/* End PBXFrameworksBuildPhase section */

/* Begin PBXGroup section */
		B2C573131F320083004D2B22 = {
			isa = PBXGroup;
			children = (
				B2C5731E1F320083004D2B22 /* TextFieldProject */,
				B2C5731D1F320083004D2B22 /* Products */,
			);
			sourceTree = "<group>";
		};
		B2C5731D1F320083004D2B22 /* Products */ = {
			isa = PBXGroup;
			children = (
				B2C5731C1F320083004D2B22 /* TextFieldProject.app */,
			);
			name = Products;
			sourceTree = "<group>";
		};
		B2C5731E1F320083004D2B22 /* TextFieldProject */ = {
			isa = PBXGroup;
			children = (
				B2C573311F320423004D2B22 /* view */,
				B2C5731F1F320083004D2B22 /* AppDelegate.swift */,
				B2C573211F320083004D2B22 /* ViewController.swift */,
				B2C573231F320083004D2B22 /* Main.storyboard */,
				B2C573261F320083004D2B22 /* Assets.xcassets */,
				B2C573281F320083004D2B22 /* LaunchScreen.storyboard */,
				B2C5732B1F320083004D2B22 /* Info.plist */,
			);
			path = TextFieldProject;
			sourceTree = "<group>";
		};
		B2C573311F320423004D2B22 /* view */ = {
			isa = PBXGroup;
			children = (
				B2C573321F320441004D2B22 /* GenderTextField.swift */,
			);
			name = view;
			sourceTree = "<group>";
		};
/* End PBXGroup section */

/* Begin PBXNativeTarget section */
		B2C5731B1F320083004D2B22 /* TextFieldProject */ = {
			isa = PBXNativeTarget;
			buildConfigurationList = B2C5732E1F320083004D2B22 /* Build configuration list for PBXNativeTarget "TextFieldProject" */;
			buildPhases = (
				B2C573181F320083004D2B22 /* Sources */,
				B2C573191F320083004D2B22 /* Frameworks */,
				B2C5731A1F320083004D2B22 /* Resources */,
			);
			buildRules = (
			);
			dependencies = (
			);
			name = TextFieldProject;
			productName = TextFieldProject;
			productReference = B2C5731C1F320083004D2B22 /* TextFieldProject.app */;
			productType = "com.apple.product-type.application";
		};
/* End PBXNativeTarget section */

/* Begin PBXProject section */
		B2C573141F320083004D2B22 /* Project object */ = {
			isa = PBXProject;
			attributes = {
				LastSwiftUpdateCheck = 0830;
				LastUpgradeCheck = 0830;
				ORGANIZATIONNAME = com.hackeru;
				TargetAttributes = {
					B2C5731B1F320083004D2B22 = {
						CreatedOnToolsVersion = 8.3.3;
						ProvisioningStyle = Automatic;
					};
				};
			};
			buildConfigurationList = B2C573171F320083004D2B22 /* Build configuration list for PBXProject "TextFieldProject" */;
			compatibilityVersion = "Xcode 3.2";
			developmentRegion = English;
			hasScannedForEncodings = 0;
			knownRegions = (
				en,
				Base,
			);
			mainGroup = B2C573131F320083004D2B22;
			productRefGroup = B2C5731D1F320083004D2B22 /* Products */;
			projectDirPath = "";
			projectRoot = "";
			targets = (
				B2C5731B1F320083004D2B22 /* TextFieldProject */,
			);
		};
/* End PBXProject section */

/* Begin PBXResourcesBuildPhase section */
		B2C5731A1F320083004D2B22 /* Resources */ = {
			isa = PBXResourcesBuildPhase;
			buildActionMask = 2147483647;
			files = (
				B2C5732A1F320083004D2B22 /* LaunchScreen.storyboard in Resources */,
				B2C573271F320083004D2B22 /* Assets.xcassets in Resources */,
				B2C573251F320083004D2B22 /* Main.storyboard in Resources */,
			);
			runOnlyForDeploymentPostprocessing = 0;
		};
/* End PBXResourcesBuildPhase section */

/* Begin PBXSourcesBuildPhase section */
		B2C573181F320083004D2B22 /* Sources */ = {
			isa = PBXSourcesBuildPhase;
			buildActionMask = 2147483647;
			files = (
				B2C573221F320083004D2B22 /* ViewController.swift in Sources */,
				B2C573331F320441004D2B22 /* GenderTextField.swift in Sources */,
				B2C573201F320083004D2B22 /* AppDelegate.swift in Sources */,
			);
			runOnlyForDeploymentPostprocessing = 0;
		};
/* End PBXSourcesBuildPhase section */

/* Begin PBXVariantGroup section */
		B2C573231F320083004D2B22 /* Main.storyboard */ = {
			isa = PBXVariantGroup;
			children = (
				B2C573241F320083004D2B22 /* Base */,
			);
			name = Main.storyboard;
			sourceTree = "<group>";
		};
		B2C573281F320083004D2B22 /* LaunchScreen.storyboard */ = {
			isa = PBXVariantGroup;
			children = (
				B2C573291F320083004D2B22 /* Base */,
			);
			name = LaunchScreen.storyboard;
			sourceTree = "<group>";
		};
/* End PBXVariantGroup section */

/* Begin XCBuildConfiguration section */
		B2C5732C1F320083004D2B22 /* Debug */ = {
			isa = XCBuildConfiguration;
			buildSettings = {
				ALWAYS_SEARCH_USER_PATHS = NO;
				CLANG_ANALYZER_NONNULL = YES;
				CLANG_ANALYZER_NUMBER_OBJECT_CONVERSION = YES_AGGRESSIVE;
				CLANG_CXX_LANGUAGE_STANDARD = "gnu++0x";
				CLANG_CXX_LIBRARY = "libc++";
				CLANG_ENABLE_MODULES = YES;
				CLANG_ENABLE_OBJC_ARC = YES;
				CLANG_WARN_BOOL_CONVERSION = YES;
				CLANG_WARN_CONSTANT_CONVERSION = YES;
				CLANG_WARN_DIRECT_OBJC_ISA_USAGE = YES_ERROR;
				CLANG_WARN_DOCUMENTATION_COMMENTS = YES;
				CLANG_WARN_EMPTY_BODY = YES;
				CLANG_WARN_ENUM_CONVERSION = YES;
				CLANG_WARN_INFINITE_RECURSION = YES;
				CLANG_WARN_INT_CONVERSION = YES;
				CLANG_WARN_OBJC_ROOT_CLASS = YES_ERROR;
				CLANG_WARN_SUSPICIOUS_MOVE = YES;
				CLANG_WARN_UNREACHABLE_CODE = YES;
				CLANG_WARN__DUPLICATE_METHOD_MATCH = YES;
				"CODE_SIGN_IDENTITY[sdk=iphoneos*]" = "iPhone Developer";
				COPY_PHASE_STRIP = NO;
				DEBUG_INFORMATION_FORMAT = dwarf;
				ENABLE_STRICT_OBJC_MSGSEND = YES;
				ENABLE_TESTABILITY = YES;
				GCC_C_LANGUAGE_STANDARD = gnu99;
				GCC_DYNAMIC_NO_PIC = NO;
				GCC_NO_COMMON_BLOCKS = YES;
				GCC_OPTIMIZATION_LEVEL = 0;
				GCC_PREPROCESSOR_DEFINITIONS = (
					"DEBUG=1",
					"$(inherited)",
				);
				GCC_WARN_64_TO_32_BIT_CONVERSION = YES;
				GCC_WARN_ABOUT_RETURN_TYPE = YES_ERROR;
				GCC_WARN_UNDECLARED_SELECTOR = YES;
				GCC_WARN_UNINITIALIZED_AUTOS = YES_AGGRESSIVE;
				GCC_WARN_UNUSED_FUNCTION = YES;
				GCC_WARN_UNUSED_VARIABLE = YES;
				IPHONEOS_DEPLOYMENT_TARGET = 10.3;
				MTL_ENABLE_DEBUG_INFO = YES;
				ONLY_ACTIVE_ARCH = YES;
				SDKROOT = iphoneos;
				SWIFT_ACTIVE_COMPILATION_CONDITIONS = DEBUG;
				SWIFT_OPTIMIZATION_LEVEL = "-Onone";
			};
			name = Debug;
		};
		B2C5732D1F320083004D2B22 /* Release */ = {
			isa = XCBuildConfiguration;
			buildSettings = {
				ALWAYS_SEARCH_USER_PATHS = NO;
				CLANG_ANALYZER_NONNULL = YES;
				CLANG_ANALYZER_NUMBER_OBJECT_CONVERSION = YES_AGGRESSIVE;
				CLANG_CXX_LANGUAGE_STANDARD = "gnu++0x";
				CLANG_CXX_LIBRARY = "libc++";
				CLANG_ENABLE_MODULES = YES;
				CLANG_ENABLE_OBJC_ARC = YES;
				CLANG_WARN_BOOL_CONVERSION = YES;
				CLANG_WARN_CONSTANT_CONVERSION = YES;
				CLANG_WARN_DIRECT_OBJC_ISA_USAGE = YES_ERROR;
				CLANG_WARN_DOCUMENTATION_COMMENTS = YES;
				CLANG_WARN_EMPTY_BODY = YES;
				CLANG_WARN_ENUM_CONVERSION = YES;
				CLANG_WARN_INFINITE_RECURSION = YES;
				CLANG_WARN_INT_CONVERSION = YES;
				CLANG_WARN_OBJC_ROOT_CLASS = YES_ERROR;
				CLANG_WARN_SUSPICIOUS_MOVE = YES;
				CLANG_WARN_UNREACHABLE_CODE = YES;
				CLANG_WARN__DUPLICATE_METHOD_MATCH = YES;
				"CODE_SIGN_IDENTITY[sdk=iphoneos*]" = "iPhone Developer";
				COPY_PHASE_STRIP = NO;
				DEBUG_INFORMATION_FORMAT = "dwarf-with-dsym";
				ENABLE_NS_ASSERTIONS = NO;
				ENABLE_STRICT_OBJC_MSGSEND = YES;
				GCC_C_LANGUAGE_STANDARD = gnu99;
				GCC_NO_COMMON_BLOCKS = YES;
				GCC_WARN_64_TO_32_BIT_CONVERSION = YES;
				GCC_WARN_ABOUT_RETURN_TYPE = YES_ERROR;
				GCC_WARN_UNDECLARED_SELECTOR = YES;
				GCC_WARN_UNINITIALIZED_AUTOS = YES_AGGRESSIVE;
				GCC_WARN_UNUSED_FUNCTION = YES;
				GCC_WARN_UNUSED_VARIABLE = YES;
				IPHONEOS_DEPLOYMENT_TARGET = 10.3;
				MTL_ENABLE_DEBUG_INFO = NO;
				SDKROOT = iphoneos;
				SWIFT_OPTIMIZATION_LEVEL = "-Owholemodule";
				VALIDATE_PRODUCT = YES;
			};
			name = Release;
		};
		B2C5732F1F320083004D2B22 /* Debug */ = {
			isa = XCBuildConfiguration;
			buildSettings = {
				ASSETCATALOG_COMPILER_APPICON_NAME = AppIcon;
				INFOPLIST_FILE = TextFieldProject/Info.plist;
				LD_RUNPATH_SEARCH_PATHS = "$(inherited) @executable_path/Frameworks";
				PRODUCT_BUNDLE_IDENTIFIER = com.hackeru.TextFieldProject;
				PRODUCT_NAME = "$(TARGET_NAME)";
				SWIFT_VERSION = 3.0;
			};
			name = Debug;
		};
		B2C573301F320083004D2B22 /* Release */ = {
			isa = XCBuildConfiguration;
			buildSettings = {
				ASSETCATALOG_COMPILER_APPICON_NAME = AppIcon;
				INFOPLIST_FILE = TextFieldProject/Info.plist;
				LD_RUNPATH_SEARCH_PATHS = "$(inherited) @executable_path/Frameworks";
				PRODUCT_BUNDLE_IDENTIFIER = com.hackeru.TextFieldProject;
				PRODUCT_NAME = "$(TARGET_NAME)";
				SWIFT_VERSION = 3.0;
			};
			name = Release;
		};
/* End XCBuildConfiguration section */

/* Begin XCConfigurationList section */
		B2C573171F320083004D2B22 /* Build configuration list for PBXProject "TextFieldProject" */ = {
			isa = XCConfigurationList;
			buildConfigurations = (
				B2C5732C1F320083004D2B22 /* Debug */,
				B2C5732D1F320083004D2B22 /* Release */,
			);
			defaultConfigurationIsVisible = 0;
			defaultConfigurationName = Release;
		};
		B2C5732E1F320083004D2B22 /* Build configuration list for PBXNativeTarget "TextFieldProject" */ = {
			isa = XCConfigurationList;
			buildConfigurations = (
				B2C5732F1F320083004D2B22 /* Debug */,
				B2C573301F320083004D2B22 /* Release */,
			);
			defaultConfigurationIsVisible = 0;
		};
/* End XCConfigurationList section */
	};
	rootObject = B2C573141F320083004D2B22 /* Project object */;
}
