// !$*UTF8*$!
{
	archiveVersion = 1;
	classes = {
	};
	objectVersion = 46;
	objects = {

/* Begin PBXBuildFile section */
		B20047441F091FD7002C504E /* AppDelegate.swift in Sources */ = {isa = PBXBuildFile; fileRef = B20047431F091FD7002C504E /* AppDelegate.swift */; };
		B20047461F091FD7002C504E /* ViewController.swift in Sources */ = {isa = PBXBuildFile; fileRef = B20047451F091FD7002C504E /* ViewController.swift */; };
		B20047491F091FD7002C504E /* Main.storyboard in Resources */ = {isa = PBXBuildFile; fileRef = B20047471F091FD7002C504E /* Main.storyboard */; };
		B200474B1F091FD7002C504E /* Assets.xcassets in Resources */ = {isa = PBXBuildFile; fileRef = B200474A1F091FD7002C504E /* Assets.xcassets */; };
		B200474E1F091FD7002C504E /* LaunchScreen.storyboard in Resources */ = {isa = PBXBuildFile; fileRef = B200474C1F091FD7002C504E /* LaunchScreen.storyboard */; };
		B20047561F0922BD002C504E /* PurpleView.swift in Sources */ = {isa = PBXBuildFile; fileRef = B20047551F0922BD002C504E /* PurpleView.swift */; };
/* End PBXBuildFile section */

/* Begin PBXFileReference section */
		B20047401F091FD7002C504E /* ChessViewProject.app */ = {isa = PBXFileReference; explicitFileType = wrapper.application; includeInIndex = 0; path = ChessViewProject.app; sourceTree = BUILT_PRODUCTS_DIR; };
		B20047431F091FD7002C504E /* AppDelegate.swift */ = {isa = PBXFileReference; lastKnownFileType = sourcecode.swift; path = AppDelegate.swift; sourceTree = "<group>"; };
		B20047451F091FD7002C504E /* ViewController.swift */ = {isa = PBXFileReference; lastKnownFileType = sourcecode.swift; path = ViewController.swift; sourceTree = "<group>"; };
		B20047481F091FD7002C504E /* Base */ = {isa = PBXFileReference; lastKnownFileType = file.storyboard; name = Base; path = Base.lproj/Main.storyboard; sourceTree = "<group>"; };
		B200474A1F091FD7002C504E /* Assets.xcassets */ = {isa = PBXFileReference; lastKnownFileType = folder.assetcatalog; path = Assets.xcassets; sourceTree = "<group>"; };
		B200474D1F091FD7002C504E /* Base */ = {isa = PBXFileReference; lastKnownFileType = file.storyboard; name = Base; path = Base.lproj/LaunchScreen.storyboard; sourceTree = "<group>"; };
		B200474F1F091FD7002C504E /* Info.plist */ = {isa = PBXFileReference; lastKnownFileType = text.plist.xml; path = Info.plist; sourceTree = "<group>"; };
		B20047551F0922BD002C504E /* PurpleView.swift */ = {isa = PBXFileReference; fileEncoding = 4; lastKnownFileType = sourcecode.swift; path = PurpleView.swift; sourceTree = "<group>"; };
/* End PBXFileReference section */

/* Begin PBXFrameworksBuildPhase section */
		B200473D1F091FD7002C504E /* Frameworks */ = {
			isa = PBXFrameworksBuildPhase;
			buildActionMask = 2147483647;
			files = (
			);
			runOnlyForDeploymentPostprocessing = 0;
		};
/* End PBXFrameworksBuildPhase section */

/* Begin PBXGroup section */
		B20047371F091FD7002C504E = {
			isa = PBXGroup;
			children = (
				B20047421F091FD7002C504E /* ChessViewProject */,
				B20047411F091FD7002C504E /* Products */,
			);
			sourceTree = "<group>";
		};
		B20047411F091FD7002C504E /* Products */ = {
			isa = PBXGroup;
			children = (
				B20047401F091FD7002C504E /* ChessViewProject.app */,
			);
			name = Products;
			sourceTree = "<group>";
		};
		B20047421F091FD7002C504E /* ChessViewProject */ = {
			isa = PBXGroup;
			children = (
				B20047431F091FD7002C504E /* AppDelegate.swift */,
				B20047451F091FD7002C504E /* ViewController.swift */,
				B20047551F0922BD002C504E /* PurpleView.swift */,
				B20047471F091FD7002C504E /* Main.storyboard */,
				B200474A1F091FD7002C504E /* Assets.xcassets */,
				B200474C1F091FD7002C504E /* LaunchScreen.storyboard */,
				B200474F1F091FD7002C504E /* Info.plist */,
			);
			path = ChessViewProject;
			sourceTree = "<group>";
		};
/* End PBXGroup section */

/* Begin PBXNativeTarget section */
		B200473F1F091FD7002C504E /* ChessViewProject */ = {
			isa = PBXNativeTarget;
			buildConfigurationList = B20047521F091FD7002C504E /* Build configuration list for PBXNativeTarget "ChessViewProject" */;
			buildPhases = (
				B200473C1F091FD7002C504E /* Sources */,
				B200473D1F091FD7002C504E /* Frameworks */,
				B200473E1F091FD7002C504E /* Resources */,
			);
			buildRules = (
			);
			dependencies = (
			);
			name = ChessViewProject;
			productName = ChessViewProject;
			productReference = B20047401F091FD7002C504E /* ChessViewProject.app */;
			productType = "com.apple.product-type.application";
		};
/* End PBXNativeTarget section */

/* Begin PBXProject section */
		B20047381F091FD7002C504E /* Project object */ = {
			isa = PBXProject;
			attributes = {
				LastSwiftUpdateCheck = 0830;
				LastUpgradeCheck = 0830;
				ORGANIZATIONNAME = com.hackeru;
				TargetAttributes = {
					B200473F1F091FD7002C504E = {
						CreatedOnToolsVersion = 8.3.3;
						ProvisioningStyle = Automatic;
					};
				};
			};
			buildConfigurationList = B200473B1F091FD7002C504E /* Build configuration list for PBXProject "ChessViewProject" */;
			compatibilityVersion = "Xcode 3.2";
			developmentRegion = English;
			hasScannedForEncodings = 0;
			knownRegions = (
				en,
				Base,
			);
			mainGroup = B20047371F091FD7002C504E;
			productRefGroup = B20047411F091FD7002C504E /* Products */;
			projectDirPath = "";
			projectRoot = "";
			targets = (
				B200473F1F091FD7002C504E /* ChessViewProject */,
			);
		};
/* End PBXProject section */

/* Begin PBXResourcesBuildPhase section */
		B200473E1F091FD7002C504E /* Resources */ = {
			isa = PBXResourcesBuildPhase;
			buildActionMask = 2147483647;
			files = (
				B200474E1F091FD7002C504E /* LaunchScreen.storyboard in Resources */,
				B200474B1F091FD7002C504E /* Assets.xcassets in Resources */,
				B20047491F091FD7002C504E /* Main.storyboard in Resources */,
			);
			runOnlyForDeploymentPostprocessing = 0;
		};
/* End PBXResourcesBuildPhase section */

/* Begin PBXSourcesBuildPhase section */
		B200473C1F091FD7002C504E /* Sources */ = {
			isa = PBXSourcesBuildPhase;
			buildActionMask = 2147483647;
			files = (
				B20047461F091FD7002C504E /* ViewController.swift in Sources */,
				B20047441F091FD7002C504E /* AppDelegate.swift in Sources */,
				B20047561F0922BD002C504E /* PurpleView.swift in Sources */,
			);
			runOnlyForDeploymentPostprocessing = 0;
		};
/* End PBXSourcesBuildPhase section */

/* Begin PBXVariantGroup section */
		B20047471F091FD7002C504E /* Main.storyboard */ = {
			isa = PBXVariantGroup;
			children = (
				B20047481F091FD7002C504E /* Base */,
			);
			name = Main.storyboard;
			sourceTree = "<group>";
		};
		B200474C1F091FD7002C504E /* LaunchScreen.storyboard */ = {
			isa = PBXVariantGroup;
			children = (
				B200474D1F091FD7002C504E /* Base */,
			);
			name = LaunchScreen.storyboard;
			sourceTree = "<group>";
		};
/* End PBXVariantGroup section */

/* Begin XCBuildConfiguration section */
		B20047501F091FD7002C504E /* Debug */ = {
			isa = XCBuildConfiguration;
			buildSettings = {
				ALWAYS_SEARCH_USER_PATHS = NO;
				CLANG_ANALYZER_NONNULL = YES;
				CLANG_ANALYZER_NUMBER_OBJECT_CONVERSION = YES_AGGRESSIVE;
				CLANG_CXX_LANGUAGE_STANDARD = "gnu++0x";
				CLANG_CXX_LIBRARY = "libc++";
				CLANG_ENABLE_MODULES = YES;
				CLANG_ENABLE_OBJC_ARC = YES;
				CLANG_WARN_BOOL_CONVERSION = YES;
				CLANG_WARN_CONSTANT_CONVERSION = YES;
				CLANG_WARN_DIRECT_OBJC_ISA_USAGE = YES_ERROR;
				CLANG_WARN_DOCUMENTATION_COMMENTS = YES;
				CLANG_WARN_EMPTY_BODY = YES;
				CLANG_WARN_ENUM_CONVERSION = YES;
				CLANG_WARN_INFINITE_RECURSION = YES;
				CLANG_WARN_INT_CONVERSION = YES;
				CLANG_WARN_OBJC_ROOT_CLASS = YES_ERROR;
				CLANG_WARN_SUSPICIOUS_MOVE = YES;
				CLANG_WARN_UNREACHABLE_CODE = YES;
				CLANG_WARN__DUPLICATE_METHOD_MATCH = YES;
				"CODE_SIGN_IDENTITY[sdk=iphoneos*]" = "iPhone Developer";
				COPY_PHASE_STRIP = NO;
				DEBUG_INFORMATION_FORMAT = dwarf;
				ENABLE_STRICT_OBJC_MSGSEND = YES;
				ENABLE_TESTABILITY = YES;
				GCC_C_LANGUAGE_STANDARD = gnu99;
				GCC_DYNAMIC_NO_PIC = NO;
				GCC_NO_COMMON_BLOCKS = YES;
				GCC_OPTIMIZATION_LEVEL = 0;
				GCC_PREPROCESSOR_DEFINITIONS = (
					"DEBUG=1",
					"$(inherited)",
				);
				GCC_WARN_64_TO_32_BIT_CONVERSION = YES;
				GCC_WARN_ABOUT_RETURN_TYPE = YES_ERROR;
				GCC_WARN_UNDECLARED_SELECTOR = YES;
				GCC_WARN_UNINITIALIZED_AUTOS = YES_AGGRESSIVE;
				GCC_WARN_UNUSED_FUNCTION = YES;
				GCC_WARN_UNUSED_VARIABLE = YES;
				IPHONEOS_DEPLOYMENT_TARGET = 10.3;
				MTL_ENABLE_DEBUG_INFO = YES;
				ONLY_ACTIVE_ARCH = YES;
				SDKROOT = iphoneos;
				SWIFT_ACTIVE_COMPILATION_CONDITIONS = DEBUG;
				SWIFT_OPTIMIZATION_LEVEL = "-Onone";
			};
			name = Debug;
		};
		B20047511F091FD7002C504E /* Release */ = {
			isa = XCBuildConfiguration;
			buildSettings = {
				ALWAYS_SEARCH_USER_PATHS = NO;
				CLANG_ANALYZER_NONNULL = YES;
				CLANG_ANALYZER_NUMBER_OBJECT_CONVERSION = YES_AGGRESSIVE;
				CLANG_CXX_LANGUAGE_STANDARD = "gnu++0x";
				CLANG_CXX_LIBRARY = "libc++";
				CLANG_ENABLE_MODULES = YES;
				CLANG_ENABLE_OBJC_ARC = YES;
				CLANG_WARN_BOOL_CONVERSION = YES;
				CLANG_WARN_CONSTANT_CONVERSION = YES;
				CLANG_WARN_DIRECT_OBJC_ISA_USAGE = YES_ERROR;
				CLANG_WARN_DOCUMENTATION_COMMENTS = YES;
				CLANG_WARN_EMPTY_BODY = YES;
				CLANG_WARN_ENUM_CONVERSION = YES;
				CLANG_WARN_INFINITE_RECURSION = YES;
				CLANG_WARN_INT_CONVERSION = YES;
				CLANG_WARN_OBJC_ROOT_CLASS = YES_ERROR;
				CLANG_WARN_SUSPICIOUS_MOVE = YES;
				CLANG_WARN_UNREACHABLE_CODE = YES;
				CLANG_WARN__DUPLICATE_METHOD_MATCH = YES;
				"CODE_SIGN_IDENTITY[sdk=iphoneos*]" = "iPhone Developer";
				COPY_PHASE_STRIP = NO;
				DEBUG_INFORMATION_FORMAT = "dwarf-with-dsym";
				ENABLE_NS_ASSERTIONS = NO;
				ENABLE_STRICT_OBJC_MSGSEND = YES;
				GCC_C_LANGUAGE_STANDARD = gnu99;
				GCC_NO_COMMON_BLOCKS = YES;
				GCC_WARN_64_TO_32_BIT_CONVERSION = YES;
				GCC_WARN_ABOUT_RETURN_TYPE = YES_ERROR;
				GCC_WARN_UNDECLARED_SELECTOR = YES;
				GCC_WARN_UNINITIALIZED_AUTOS = YES_AGGRESSIVE;
				GCC_WARN_UNUSED_FUNCTION = YES;
				GCC_WARN_UNUSED_VARIABLE = YES;
				IPHONEOS_DEPLOYMENT_TARGET = 10.3;
				MTL_ENABLE_DEBUG_INFO = NO;
				SDKROOT = iphoneos;
				SWIFT_OPTIMIZATION_LEVEL = "-Owholemodule";
				VALIDATE_PRODUCT = YES;
			};
			name = Release;
		};
		B20047531F091FD7002C504E /* Debug */ = {
			isa = XCBuildConfiguration;
			buildSettings = {
				ASSETCATALOG_COMPILER_APPICON_NAME = AppIcon;
				INFOPLIST_FILE = ChessViewProject/Info.plist;
				LD_RUNPATH_SEARCH_PATHS = "$(inherited) @executable_path/Frameworks";
				PRODUCT_BUNDLE_IDENTIFIER = com.hackeru.ChessViewProject;
				PRODUCT_NAME = "$(TARGET_NAME)";
				SWIFT_VERSION = 3.0;
			};
			name = Debug;
		};
		B20047541F091FD7002C504E /* Release */ = {
			isa = XCBuildConfiguration;
			buildSettings = {
				ASSETCATALOG_COMPILER_APPICON_NAME = AppIcon;
				INFOPLIST_FILE = ChessViewProject/Info.plist;
				LD_RUNPATH_SEARCH_PATHS = "$(inherited) @executable_path/Frameworks";
				PRODUCT_BUNDLE_IDENTIFIER = com.hackeru.ChessViewProject;
				PRODUCT_NAME = "$(TARGET_NAME)";
				SWIFT_VERSION = 3.0;
			};
			name = Release;
		};
/* End XCBuildConfiguration section */

/* Begin XCConfigurationList section */
		B200473B1F091FD7002C504E /* Build configuration list for PBXProject "ChessViewProject" */ = {
			isa = XCConfigurationList;
			buildConfigurations = (
				B20047501F091FD7002C504E /* Debug */,
				B20047511F091FD7002C504E /* Release */,
			);
			defaultConfigurationIsVisible = 0;
			defaultConfigurationName = Release;
		};
		B20047521F091FD7002C504E /* Build configuration list for PBXNativeTarget "ChessViewProject" */ = {
			isa = XCConfigurationList;
			buildConfigurations = (
				B20047531F091FD7002C504E /* Debug */,
				B20047541F091FD7002C504E /* Release */,
			);
			defaultConfigurationIsVisible = 0;
		};
/* End XCConfigurationList section */
	};
	rootObject = B20047381F091FD7002C504E /* Project object */;
}
