// !$*UTF8*$!
{
	archiveVersion = 1;
	classes = {
	};
	objectVersion = 46;
	objects = {

/* Begin PBXBuildFile section */
		B29BCA6B1F3B02D9007F30B8 /* AppDelegate.swift in Sources */ = {isa = PBXBuildFile; fileRef = B29BCA6A1F3B02D9007F30B8 /* AppDelegate.swift */; };
		B29BCA6E1F3B02D9007F30B8 /* CoreDataSample.xcdatamodeld in Sources */ = {isa = PBXBuildFile; fileRef = B29BCA6C1F3B02D9007F30B8 /* CoreDataSample.xcdatamodeld */; };
		B29BCA701F3B02D9007F30B8 /* MasterViewController.swift in Sources */ = {isa = PBXBuildFile; fileRef = B29BCA6F1F3B02D9007F30B8 /* MasterViewController.swift */; };
		B29BCA721F3B02D9007F30B8 /* DetailViewController.swift in Sources */ = {isa = PBXBuildFile; fileRef = B29BCA711F3B02D9007F30B8 /* DetailViewController.swift */; };
		B29BCA751F3B02D9007F30B8 /* Main.storyboard in Resources */ = {isa = PBXBuildFile; fileRef = B29BCA731F3B02D9007F30B8 /* Main.storyboard */; };
		B29BCA771F3B02D9007F30B8 /* Assets.xcassets in Resources */ = {isa = PBXBuildFile; fileRef = B29BCA761F3B02D9007F30B8 /* Assets.xcassets */; };
		B29BCA7A1F3B02D9007F30B8 /* LaunchScreen.storyboard in Resources */ = {isa = PBXBuildFile; fileRef = B29BCA781F3B02D9007F30B8 /* LaunchScreen.storyboard */; };
/* End PBXBuildFile section */

/* Begin PBXFileReference section */
		B29BCA671F3B02D9007F30B8 /* CoreDataSample.app */ = {isa = PBXFileReference; explicitFileType = wrapper.application; includeInIndex = 0; path = CoreDataSample.app; sourceTree = BUILT_PRODUCTS_DIR; };
		B29BCA6A1F3B02D9007F30B8 /* AppDelegate.swift */ = {isa = PBXFileReference; lastKnownFileType = sourcecode.swift; path = AppDelegate.swift; sourceTree = "<group>"; };
		B29BCA6D1F3B02D9007F30B8 /* CoreDataSample.xcdatamodel */ = {isa = PBXFileReference; lastKnownFileType = wrapper.xcdatamodel; path = CoreDataSample.xcdatamodel; sourceTree = "<group>"; };
		B29BCA6F1F3B02D9007F30B8 /* MasterViewController.swift */ = {isa = PBXFileReference; lastKnownFileType = sourcecode.swift; path = MasterViewController.swift; sourceTree = "<group>"; };
		B29BCA711F3B02D9007F30B8 /* DetailViewController.swift */ = {isa = PBXFileReference; lastKnownFileType = sourcecode.swift; path = DetailViewController.swift; sourceTree = "<group>"; };
		B29BCA741F3B02D9007F30B8 /* Base */ = {isa = PBXFileReference; lastKnownFileType = file.storyboard; name = Base; path = Base.lproj/Main.storyboard; sourceTree = "<group>"; };
		B29BCA761F3B02D9007F30B8 /* Assets.xcassets */ = {isa = PBXFileReference; lastKnownFileType = folder.assetcatalog; path = Assets.xcassets; sourceTree = "<group>"; };
		B29BCA791F3B02D9007F30B8 /* Base */ = {isa = PBXFileReference; lastKnownFileType = file.storyboard; name = Base; path = Base.lproj/LaunchScreen.storyboard; sourceTree = "<group>"; };
		B29BCA7B1F3B02D9007F30B8 /* Info.plist */ = {isa = PBXFileReference; lastKnownFileType = text.plist.xml; path = Info.plist; sourceTree = "<group>"; };
/* End PBXFileReference section */

/* Begin PBXFrameworksBuildPhase section */
		B29BCA641F3B02D9007F30B8 /* Frameworks */ = {
			isa = PBXFrameworksBuildPhase;
			buildActionMask = 2147483647;
			files = (
			);
			runOnlyForDeploymentPostprocessing = 0;
		};
/* End PBXFrameworksBuildPhase section */

/* Begin PBXGroup section */
		B29BCA5E1F3B02D8007F30B8 = {
			isa = PBXGroup;
			children = (
				B29BCA691F3B02D9007F30B8 /* CoreDataSample */,
				B29BCA681F3B02D9007F30B8 /* Products */,
			);
			sourceTree = "<group>";
		};
		B29BCA681F3B02D9007F30B8 /* Products */ = {
			isa = PBXGroup;
			children = (
				B29BCA671F3B02D9007F30B8 /* CoreDataSample.app */,
			);
			name = Products;
			sourceTree = "<group>";
		};
		B29BCA691F3B02D9007F30B8 /* CoreDataSample */ = {
			isa = PBXGroup;
			children = (
				B29BCA6A1F3B02D9007F30B8 /* AppDelegate.swift */,
				B29BCA6F1F3B02D9007F30B8 /* MasterViewController.swift */,
				B29BCA711F3B02D9007F30B8 /* DetailViewController.swift */,
				B29BCA731F3B02D9007F30B8 /* Main.storyboard */,
				B29BCA761F3B02D9007F30B8 /* Assets.xcassets */,
				B29BCA781F3B02D9007F30B8 /* LaunchScreen.storyboard */,
				B29BCA7B1F3B02D9007F30B8 /* Info.plist */,
				B29BCA6C1F3B02D9007F30B8 /* CoreDataSample.xcdatamodeld */,
			);
			path = CoreDataSample;
			sourceTree = "<group>";
		};
/* End PBXGroup section */

/* Begin PBXNativeTarget section */
		B29BCA661F3B02D9007F30B8 /* CoreDataSample */ = {
			isa = PBXNativeTarget;
			buildConfigurationList = B29BCA7E1F3B02D9007F30B8 /* Build configuration list for PBXNativeTarget "CoreDataSample" */;
			buildPhases = (
				B29BCA631F3B02D9007F30B8 /* Sources */,
				B29BCA641F3B02D9007F30B8 /* Frameworks */,
				B29BCA651F3B02D9007F30B8 /* Resources */,
			);
			buildRules = (
			);
			dependencies = (
			);
			name = CoreDataSample;
			productName = CoreDataSample;
			productReference = B29BCA671F3B02D9007F30B8 /* CoreDataSample.app */;
			productType = "com.apple.product-type.application";
		};
/* End PBXNativeTarget section */

/* Begin PBXProject section */
		B29BCA5F1F3B02D8007F30B8 /* Project object */ = {
			isa = PBXProject;
			attributes = {
				LastSwiftUpdateCheck = 0830;
				LastUpgradeCheck = 0830;
				ORGANIZATIONNAME = com.hackeru;
				TargetAttributes = {
					B29BCA661F3B02D9007F30B8 = {
						CreatedOnToolsVersion = 8.3.3;
						ProvisioningStyle = Automatic;
					};
				};
			};
			buildConfigurationList = B29BCA621F3B02D8007F30B8 /* Build configuration list for PBXProject "CoreDataSample" */;
			compatibilityVersion = "Xcode 3.2";
			developmentRegion = English;
			hasScannedForEncodings = 0;
			knownRegions = (
				en,
				Base,
			);
			mainGroup = B29BCA5E1F3B02D8007F30B8;
			productRefGroup = B29BCA681F3B02D9007F30B8 /* Products */;
			projectDirPath = "";
			projectRoot = "";
			targets = (
				B29BCA661F3B02D9007F30B8 /* CoreDataSample */,
			);
		};
/* End PBXProject section */

/* Begin PBXResourcesBuildPhase section */
		B29BCA651F3B02D9007F30B8 /* Resources */ = {
			isa = PBXResourcesBuildPhase;
			buildActionMask = 2147483647;
			files = (
				B29BCA7A1F3B02D9007F30B8 /* LaunchScreen.storyboard in Resources */,
				B29BCA771F3B02D9007F30B8 /* Assets.xcassets in Resources */,
				B29BCA751F3B02D9007F30B8 /* Main.storyboard in Resources */,
			);
			runOnlyForDeploymentPostprocessing = 0;
		};
/* End PBXResourcesBuildPhase section */

/* Begin PBXSourcesBuildPhase section */
		B29BCA631F3B02D9007F30B8 /* Sources */ = {
			isa = PBXSourcesBuildPhase;
			buildActionMask = 2147483647;
			files = (
				B29BCA6E1F3B02D9007F30B8 /* CoreDataSample.xcdatamodeld in Sources */,
				B29BCA6B1F3B02D9007F30B8 /* AppDelegate.swift in Sources */,
				B29BCA701F3B02D9007F30B8 /* MasterViewController.swift in Sources */,
				B29BCA721F3B02D9007F30B8 /* DetailViewController.swift in Sources */,
			);
			runOnlyForDeploymentPostprocessing = 0;
		};
/* End PBXSourcesBuildPhase section */

/* Begin PBXVariantGroup section */
		B29BCA731F3B02D9007F30B8 /* Main.storyboard */ = {
			isa = PBXVariantGroup;
			children = (
				B29BCA741F3B02D9007F30B8 /* Base */,
			);
			name = Main.storyboard;
			sourceTree = "<group>";
		};
		B29BCA781F3B02D9007F30B8 /* LaunchScreen.storyboard */ = {
			isa = PBXVariantGroup;
			children = (
				B29BCA791F3B02D9007F30B8 /* Base */,
			);
			name = LaunchScreen.storyboard;
			sourceTree = "<group>";
		};
/* End PBXVariantGroup section */

/* Begin XCBuildConfiguration section */
		B29BCA7C1F3B02D9007F30B8 /* Debug */ = {
			isa = XCBuildConfiguration;
			buildSettings = {
				ALWAYS_SEARCH_USER_PATHS = NO;
				CLANG_ANALYZER_NONNULL = YES;
				CLANG_ANALYZER_NUMBER_OBJECT_CONVERSION = YES_AGGRESSIVE;
				CLANG_CXX_LANGUAGE_STANDARD = "gnu++0x";
				CLANG_CXX_LIBRARY = "libc++";
				CLANG_ENABLE_MODULES = YES;
				CLANG_ENABLE_OBJC_ARC = YES;
				CLANG_WARN_BOOL_CONVERSION = YES;
				CLANG_WARN_CONSTANT_CONVERSION = YES;
				CLANG_WARN_DIRECT_OBJC_ISA_USAGE = YES_ERROR;
				CLANG_WARN_DOCUMENTATION_COMMENTS = YES;
				CLANG_WARN_EMPTY_BODY = YES;
				CLANG_WARN_ENUM_CONVERSION = YES;
				CLANG_WARN_INFINITE_RECURSION = YES;
				CLANG_WARN_INT_CONVERSION = YES;
				CLANG_WARN_OBJC_ROOT_CLASS = YES_ERROR;
				CLANG_WARN_SUSPICIOUS_MOVE = YES;
				CLANG_WARN_UNREACHABLE_CODE = YES;
				CLANG_WARN__DUPLICATE_METHOD_MATCH = YES;
				"CODE_SIGN_IDENTITY[sdk=iphoneos*]" = "iPhone Developer";
				COPY_PHASE_STRIP = NO;
				DEBUG_INFORMATION_FORMAT = dwarf;
				ENABLE_STRICT_OBJC_MSGSEND = YES;
				ENABLE_TESTABILITY = YES;
				GCC_C_LANGUAGE_STANDARD = gnu99;
				GCC_DYNAMIC_NO_PIC = NO;
				GCC_NO_COMMON_BLOCKS = YES;
				GCC_OPTIMIZATION_LEVEL = 0;
				GCC_PREPROCESSOR_DEFINITIONS = (
					"DEBUG=1",
					"$(inherited)",
				);
				GCC_WARN_64_TO_32_BIT_CONVERSION = YES;
				GCC_WARN_ABOUT_RETURN_TYPE = YES_ERROR;
				GCC_WARN_UNDECLARED_SELECTOR = YES;
				GCC_WARN_UNINITIALIZED_AUTOS = YES_AGGRESSIVE;
				GCC_WARN_UNUSED_FUNCTION = YES;
				GCC_WARN_UNUSED_VARIABLE = YES;
				IPHONEOS_DEPLOYMENT_TARGET = 10.3;
				MTL_ENABLE_DEBUG_INFO = YES;
				ONLY_ACTIVE_ARCH = YES;
				SDKROOT = iphoneos;
				SWIFT_ACTIVE_COMPILATION_CONDITIONS = DEBUG;
				SWIFT_OPTIMIZATION_LEVEL = "-Onone";
			};
			name = Debug;
		};
		B29BCA7D1F3B02D9007F30B8 /* Release */ = {
			isa = XCBuildConfiguration;
			buildSettings = {
				ALWAYS_SEARCH_USER_PATHS = NO;
				CLANG_ANALYZER_NONNULL = YES;
				CLANG_ANALYZER_NUMBER_OBJECT_CONVERSION = YES_AGGRESSIVE;
				CLANG_CXX_LANGUAGE_STANDARD = "gnu++0x";
				CLANG_CXX_LIBRARY = "libc++";
				CLANG_ENABLE_MODULES = YES;
				CLANG_ENABLE_OBJC_ARC = YES;
				CLANG_WARN_BOOL_CONVERSION = YES;
				CLANG_WARN_CONSTANT_CONVERSION = YES;
				CLANG_WARN_DIRECT_OBJC_ISA_USAGE = YES_ERROR;
				CLANG_WARN_DOCUMENTATION_COMMENTS = YES;
				CLANG_WARN_EMPTY_BODY = YES;
				CLANG_WARN_ENUM_CONVERSION = YES;
				CLANG_WARN_INFINITE_RECURSION = YES;
				CLANG_WARN_INT_CONVERSION = YES;
				CLANG_WARN_OBJC_ROOT_CLASS = YES_ERROR;
				CLANG_WARN_SUSPICIOUS_MOVE = YES;
				CLANG_WARN_UNREACHABLE_CODE = YES;
				CLANG_WARN__DUPLICATE_METHOD_MATCH = YES;
				"CODE_SIGN_IDENTITY[sdk=iphoneos*]" = "iPhone Developer";
				COPY_PHASE_STRIP = NO;
				DEBUG_INFORMATION_FORMAT = "dwarf-with-dsym";
				ENABLE_NS_ASSERTIONS = NO;
				ENABLE_STRICT_OBJC_MSGSEND = YES;
				GCC_C_LANGUAGE_STANDARD = gnu99;
				GCC_NO_COMMON_BLOCKS = YES;
				GCC_WARN_64_TO_32_BIT_CONVERSION = YES;
				GCC_WARN_ABOUT_RETURN_TYPE = YES_ERROR;
				GCC_WARN_UNDECLARED_SELECTOR = YES;
				GCC_WARN_UNINITIALIZED_AUTOS = YES_AGGRESSIVE;
				GCC_WARN_UNUSED_FUNCTION = YES;
				GCC_WARN_UNUSED_VARIABLE = YES;
				IPHONEOS_DEPLOYMENT_TARGET = 10.3;
				MTL_ENABLE_DEBUG_INFO = NO;
				SDKROOT = iphoneos;
				SWIFT_OPTIMIZATION_LEVEL = "-Owholemodule";
				VALIDATE_PRODUCT = YES;
			};
			name = Release;
		};
		B29BCA7F1F3B02D9007F30B8 /* Debug */ = {
			isa = XCBuildConfiguration;
			buildSettings = {
				ASSETCATALOG_COMPILER_APPICON_NAME = AppIcon;
				INFOPLIST_FILE = CoreDataSample/Info.plist;
				LD_RUNPATH_SEARCH_PATHS = "$(inherited) @executable_path/Frameworks";
				PRODUCT_BUNDLE_IDENTIFIER = com.hackeru.CoreDataSample;
				PRODUCT_NAME = "$(TARGET_NAME)";
				SWIFT_VERSION = 3.0;
			};
			name = Debug;
		};
		B29BCA801F3B02D9007F30B8 /* Release */ = {
			isa = XCBuildConfiguration;
			buildSettings = {
				ASSETCATALOG_COMPILER_APPICON_NAME = AppIcon;
				INFOPLIST_FILE = CoreDataSample/Info.plist;
				LD_RUNPATH_SEARCH_PATHS = "$(inherited) @executable_path/Frameworks";
				PRODUCT_BUNDLE_IDENTIFIER = com.hackeru.CoreDataSample;
				PRODUCT_NAME = "$(TARGET_NAME)";
				SWIFT_VERSION = 3.0;
			};
			name = Release;
		};
/* End XCBuildConfiguration section */

/* Begin XCConfigurationList section */
		B29BCA621F3B02D8007F30B8 /* Build configuration list for PBXProject "CoreDataSample" */ = {
			isa = XCConfigurationList;
			buildConfigurations = (
				B29BCA7C1F3B02D9007F30B8 /* Debug */,
				B29BCA7D1F3B02D9007F30B8 /* Release */,
			);
			defaultConfigurationIsVisible = 0;
			defaultConfigurationName = Release;
		};
		B29BCA7E1F3B02D9007F30B8 /* Build configuration list for PBXNativeTarget "CoreDataSample" */ = {
			isa = XCConfigurationList;
			buildConfigurations = (
				B29BCA7F1F3B02D9007F30B8 /* Debug */,
				B29BCA801F3B02D9007F30B8 /* Release */,
			);
			defaultConfigurationIsVisible = 0;
		};
/* End XCConfigurationList section */

/* Begin XCVersionGroup section */
		B29BCA6C1F3B02D9007F30B8 /* CoreDataSample.xcdatamodeld */ = {
			isa = XCVersionGroup;
			children = (
				B29BCA6D1F3B02D9007F30B8 /* CoreDataSample.xcdatamodel */,
			);
			currentVersion = B29BCA6D1F3B02D9007F30B8 /* CoreDataSample.xcdatamodel */;
			path = CoreDataSample.xcdatamodeld;
			sourceTree = "<group>";
			versionGroupType = wrapper.xcdatamodel;
		};
/* End XCVersionGroup section */
	};
	rootObject = B29BCA5F1F3B02D8007F30B8 /* Project object */;
}
