// !$*UTF8*$!
{
	archiveVersion = 1;
	classes = {
	};
	objectVersion = 46;
	objects = {

/* Begin PBXBuildFile section */
		B214102A1F31A471002EC08B /* AppDelegate.swift in Sources */ = {isa = PBXBuildFile; fileRef = B21410291F31A471002EC08B /* AppDelegate.swift */; };
		B214102C1F31A471002EC08B /* ViewController.swift in Sources */ = {isa = PBXBuildFile; fileRef = B214102B1F31A471002EC08B /* ViewController.swift */; };
		B214102F1F31A471002EC08B /* Main.storyboard in Resources */ = {isa = PBXBuildFile; fileRef = B214102D1F31A471002EC08B /* Main.storyboard */; };
		B21410311F31A471002EC08B /* Assets.xcassets in Resources */ = {isa = PBXBuildFile; fileRef = B21410301F31A471002EC08B /* Assets.xcassets */; };
		B21410341F31A471002EC08B /* LaunchScreen.storyboard in Resources */ = {isa = PBXBuildFile; fileRef = B21410321F31A471002EC08B /* LaunchScreen.storyboard */; };
		B214103E1F31AB79002EC08B /* Reachability.m in Sources */ = {isa = PBXBuildFile; fileRef = B214103D1F31AB79002EC08B /* Reachability.m */; };
/* End PBXBuildFile section */

/* Begin PBXFileReference section */
		B21410261F31A471002EC08B /* ControlsProject.app */ = {isa = PBXFileReference; explicitFileType = wrapper.application; includeInIndex = 0; path = ControlsProject.app; sourceTree = BUILT_PRODUCTS_DIR; };
		B21410291F31A471002EC08B /* AppDelegate.swift */ = {isa = PBXFileReference; lastKnownFileType = sourcecode.swift; path = AppDelegate.swift; sourceTree = "<group>"; };
		B214102B1F31A471002EC08B /* ViewController.swift */ = {isa = PBXFileReference; lastKnownFileType = sourcecode.swift; path = ViewController.swift; sourceTree = "<group>"; };
		B214102E1F31A471002EC08B /* Base */ = {isa = PBXFileReference; lastKnownFileType = file.storyboard; name = Base; path = Base.lproj/Main.storyboard; sourceTree = "<group>"; };
		B21410301F31A471002EC08B /* Assets.xcassets */ = {isa = PBXFileReference; lastKnownFileType = folder.assetcatalog; path = Assets.xcassets; sourceTree = "<group>"; };
		B21410331F31A471002EC08B /* Base */ = {isa = PBXFileReference; lastKnownFileType = file.storyboard; name = Base; path = Base.lproj/LaunchScreen.storyboard; sourceTree = "<group>"; };
		B21410351F31A471002EC08B /* Info.plist */ = {isa = PBXFileReference; lastKnownFileType = text.plist.xml; path = Info.plist; sourceTree = "<group>"; };
		B214103C1F31AB79002EC08B /* Reachability.h */ = {isa = PBXFileReference; fileEncoding = 4; lastKnownFileType = sourcecode.c.h; path = Reachability.h; sourceTree = "<group>"; };
		B214103D1F31AB79002EC08B /* Reachability.m */ = {isa = PBXFileReference; fileEncoding = 4; lastKnownFileType = sourcecode.c.objc; path = Reachability.m; sourceTree = "<group>"; };
		B214103F1F31AB97002EC08B /* bridge.h */ = {isa = PBXFileReference; lastKnownFileType = sourcecode.c.h; path = bridge.h; sourceTree = "<group>"; };
/* End PBXFileReference section */

/* Begin PBXFrameworksBuildPhase section */
		B21410231F31A471002EC08B /* Frameworks */ = {
			isa = PBXFrameworksBuildPhase;
			buildActionMask = 2147483647;
			files = (
			);
			runOnlyForDeploymentPostprocessing = 0;
		};
/* End PBXFrameworksBuildPhase section */

/* Begin PBXGroup section */
		B214101D1F31A471002EC08B = {
			isa = PBXGroup;
			children = (
				B21410281F31A471002EC08B /* ControlsProject */,
				B21410271F31A471002EC08B /* Products */,
			);
			sourceTree = "<group>";
		};
		B21410271F31A471002EC08B /* Products */ = {
			isa = PBXGroup;
			children = (
				B21410261F31A471002EC08B /* ControlsProject.app */,
			);
			name = Products;
			sourceTree = "<group>";
		};
		B21410281F31A471002EC08B /* ControlsProject */ = {
			isa = PBXGroup;
			children = (
				B214103B1F31AABD002EC08B /* objective c */,
				B21410291F31A471002EC08B /* AppDelegate.swift */,
				B214102B1F31A471002EC08B /* ViewController.swift */,
				B214102D1F31A471002EC08B /* Main.storyboard */,
				B21410301F31A471002EC08B /* Assets.xcassets */,
				B21410321F31A471002EC08B /* LaunchScreen.storyboard */,
				B21410351F31A471002EC08B /* Info.plist */,
			);
			path = ControlsProject;
			sourceTree = "<group>";
		};
		B214103B1F31AABD002EC08B /* objective c */ = {
			isa = PBXGroup;
			children = (
				B214103C1F31AB79002EC08B /* Reachability.h */,
				B214103D1F31AB79002EC08B /* Reachability.m */,
				B214103F1F31AB97002EC08B /* bridge.h */,
			);
			name = "objective c";
			sourceTree = "<group>";
		};
/* End PBXGroup section */

/* Begin PBXNativeTarget section */
		B21410251F31A471002EC08B /* ControlsProject */ = {
			isa = PBXNativeTarget;
			buildConfigurationList = B21410381F31A471002EC08B /* Build configuration list for PBXNativeTarget "ControlsProject" */;
			buildPhases = (
				B21410221F31A471002EC08B /* Sources */,
				B21410231F31A471002EC08B /* Frameworks */,
				B21410241F31A471002EC08B /* Resources */,
			);
			buildRules = (
			);
			dependencies = (
			);
			name = ControlsProject;
			productName = ControlsProject;
			productReference = B21410261F31A471002EC08B /* ControlsProject.app */;
			productType = "com.apple.product-type.application";
		};
/* End PBXNativeTarget section */

/* Begin PBXProject section */
		B214101E1F31A471002EC08B /* Project object */ = {
			isa = PBXProject;
			attributes = {
				LastSwiftUpdateCheck = 0830;
				LastUpgradeCheck = 0830;
				ORGANIZATIONNAME = com.hackeru;
				TargetAttributes = {
					B21410251F31A471002EC08B = {
						CreatedOnToolsVersion = 8.3.3;
						LastSwiftMigration = 0830;
						ProvisioningStyle = Automatic;
					};
				};
			};
			buildConfigurationList = B21410211F31A471002EC08B /* Build configuration list for PBXProject "ControlsProject" */;
			compatibilityVersion = "Xcode 3.2";
			developmentRegion = English;
			hasScannedForEncodings = 0;
			knownRegions = (
				en,
				Base,
			);
			mainGroup = B214101D1F31A471002EC08B;
			productRefGroup = B21410271F31A471002EC08B /* Products */;
			projectDirPath = "";
			projectRoot = "";
			targets = (
				B21410251F31A471002EC08B /* ControlsProject */,
			);
		};
/* End PBXProject section */

/* Begin PBXResourcesBuildPhase section */
		B21410241F31A471002EC08B /* Resources */ = {
			isa = PBXResourcesBuildPhase;
			buildActionMask = 2147483647;
			files = (
				B21410341F31A471002EC08B /* LaunchScreen.storyboard in Resources */,
				B21410311F31A471002EC08B /* Assets.xcassets in Resources */,
				B214102F1F31A471002EC08B /* Main.storyboard in Resources */,
			);
			runOnlyForDeploymentPostprocessing = 0;
		};
/* End PBXResourcesBuildPhase section */

/* Begin PBXSourcesBuildPhase section */
		B21410221F31A471002EC08B /* Sources */ = {
			isa = PBXSourcesBuildPhase;
			buildActionMask = 2147483647;
			files = (
				B214102C1F31A471002EC08B /* ViewController.swift in Sources */,
				B214103E1F31AB79002EC08B /* Reachability.m in Sources */,
				B214102A1F31A471002EC08B /* AppDelegate.swift in Sources */,
			);
			runOnlyForDeploymentPostprocessing = 0;
		};
/* End PBXSourcesBuildPhase section */

/* Begin PBXVariantGroup section */
		B214102D1F31A471002EC08B /* Main.storyboard */ = {
			isa = PBXVariantGroup;
			children = (
				B214102E1F31A471002EC08B /* Base */,
			);
			name = Main.storyboard;
			sourceTree = "<group>";
		};
		B21410321F31A471002EC08B /* LaunchScreen.storyboard */ = {
			isa = PBXVariantGroup;
			children = (
				B21410331F31A471002EC08B /* Base */,
			);
			name = LaunchScreen.storyboard;
			sourceTree = "<group>";
		};
/* End PBXVariantGroup section */

/* Begin XCBuildConfiguration section */
		B21410361F31A471002EC08B /* Debug */ = {
			isa = XCBuildConfiguration;
			buildSettings = {
				ALWAYS_SEARCH_USER_PATHS = NO;
				CLANG_ANALYZER_NONNULL = YES;
				CLANG_ANALYZER_NUMBER_OBJECT_CONVERSION = YES_AGGRESSIVE;
				CLANG_CXX_LANGUAGE_STANDARD = "gnu++0x";
				CLANG_CXX_LIBRARY = "libc++";
				CLANG_ENABLE_MODULES = YES;
				CLANG_ENABLE_OBJC_ARC = YES;
				CLANG_WARN_BOOL_CONVERSION = YES;
				CLANG_WARN_CONSTANT_CONVERSION = YES;
				CLANG_WARN_DIRECT_OBJC_ISA_USAGE = YES_ERROR;
				CLANG_WARN_DOCUMENTATION_COMMENTS = YES;
				CLANG_WARN_EMPTY_BODY = YES;
				CLANG_WARN_ENUM_CONVERSION = YES;
				CLANG_WARN_INFINITE_RECURSION = YES;
				CLANG_WARN_INT_CONVERSION = YES;
				CLANG_WARN_OBJC_ROOT_CLASS = YES_ERROR;
				CLANG_WARN_SUSPICIOUS_MOVE = YES;
				CLANG_WARN_UNREACHABLE_CODE = YES;
				CLANG_WARN__DUPLICATE_METHOD_MATCH = YES;
				"CODE_SIGN_IDENTITY[sdk=iphoneos*]" = "iPhone Developer";
				COPY_PHASE_STRIP = NO;
				DEBUG_INFORMATION_FORMAT = dwarf;
				ENABLE_STRICT_OBJC_MSGSEND = YES;
				ENABLE_TESTABILITY = YES;
				GCC_C_LANGUAGE_STANDARD = gnu99;
				GCC_DYNAMIC_NO_PIC = NO;
				GCC_NO_COMMON_BLOCKS = YES;
				GCC_OPTIMIZATION_LEVEL = 0;
				GCC_PREPROCESSOR_DEFINITIONS = (
					"DEBUG=1",
					"$(inherited)",
				);
				GCC_WARN_64_TO_32_BIT_CONVERSION = YES;
				GCC_WARN_ABOUT_RETURN_TYPE = YES_ERROR;
				GCC_WARN_UNDECLARED_SELECTOR = YES;
				GCC_WARN_UNINITIALIZED_AUTOS = YES_AGGRESSIVE;
				GCC_WARN_UNUSED_FUNCTION = YES;
				GCC_WARN_UNUSED_VARIABLE = YES;
				IPHONEOS_DEPLOYMENT_TARGET = 10.3;
				MTL_ENABLE_DEBUG_INFO = YES;
				ONLY_ACTIVE_ARCH = YES;
				SDKROOT = iphoneos;
				SWIFT_ACTIVE_COMPILATION_CONDITIONS = DEBUG;
				SWIFT_OPTIMIZATION_LEVEL = "-Onone";
			};
			name = Debug;
		};
		B21410371F31A471002EC08B /* Release */ = {
			isa = XCBuildConfiguration;
			buildSettings = {
				ALWAYS_SEARCH_USER_PATHS = NO;
				CLANG_ANALYZER_NONNULL = YES;
				CLANG_ANALYZER_NUMBER_OBJECT_CONVERSION = YES_AGGRESSIVE;
				CLANG_CXX_LANGUAGE_STANDARD = "gnu++0x";
				CLANG_CXX_LIBRARY = "libc++";
				CLANG_ENABLE_MODULES = YES;
				CLANG_ENABLE_OBJC_ARC = YES;
				CLANG_WARN_BOOL_CONVERSION = YES;
				CLANG_WARN_CONSTANT_CONVERSION = YES;
				CLANG_WARN_DIRECT_OBJC_ISA_USAGE = YES_ERROR;
				CLANG_WARN_DOCUMENTATION_COMMENTS = YES;
				CLANG_WARN_EMPTY_BODY = YES;
				CLANG_WARN_ENUM_CONVERSION = YES;
				CLANG_WARN_INFINITE_RECURSION = YES;
				CLANG_WARN_INT_CONVERSION = YES;
				CLANG_WARN_OBJC_ROOT_CLASS = YES_ERROR;
				CLANG_WARN_SUSPICIOUS_MOVE = YES;
				CLANG_WARN_UNREACHABLE_CODE = YES;
				CLANG_WARN__DUPLICATE_METHOD_MATCH = YES;
				"CODE_SIGN_IDENTITY[sdk=iphoneos*]" = "iPhone Developer";
				COPY_PHASE_STRIP = NO;
				DEBUG_INFORMATION_FORMAT = "dwarf-with-dsym";
				ENABLE_NS_ASSERTIONS = NO;
				ENABLE_STRICT_OBJC_MSGSEND = YES;
				GCC_C_LANGUAGE_STANDARD = gnu99;
				GCC_NO_COMMON_BLOCKS = YES;
				GCC_WARN_64_TO_32_BIT_CONVERSION = YES;
				GCC_WARN_ABOUT_RETURN_TYPE = YES_ERROR;
				GCC_WARN_UNDECLARED_SELECTOR = YES;
				GCC_WARN_UNINITIALIZED_AUTOS = YES_AGGRESSIVE;
				GCC_WARN_UNUSED_FUNCTION = YES;
				GCC_WARN_UNUSED_VARIABLE = YES;
				IPHONEOS_DEPLOYMENT_TARGET = 10.3;
				MTL_ENABLE_DEBUG_INFO = NO;
				SDKROOT = iphoneos;
				SWIFT_OPTIMIZATION_LEVEL = "-Owholemodule";
				VALIDATE_PRODUCT = YES;
			};
			name = Release;
		};
		B21410391F31A471002EC08B /* Debug */ = {
			isa = XCBuildConfiguration;
			buildSettings = {
				ASSETCATALOG_COMPILER_APPICON_NAME = AppIcon;
				CLANG_ENABLE_MODULES = YES;
				INFOPLIST_FILE = ControlsProject/Info.plist;
				LD_RUNPATH_SEARCH_PATHS = "$(inherited) @executable_path/Frameworks";
				PRODUCT_BUNDLE_IDENTIFIER = com.hackeru.ControlsProject;
				PRODUCT_NAME = "$(TARGET_NAME)";
				SWIFT_OBJC_BRIDGING_HEADER = ControlsProject/bridge.h;
				SWIFT_OPTIMIZATION_LEVEL = "-Onone";
				SWIFT_VERSION = 3.0;
			};
			name = Debug;
		};
		B214103A1F31A471002EC08B /* Release */ = {
			isa = XCBuildConfiguration;
			buildSettings = {
				ASSETCATALOG_COMPILER_APPICON_NAME = AppIcon;
				CLANG_ENABLE_MODULES = YES;
				INFOPLIST_FILE = ControlsProject/Info.plist;
				LD_RUNPATH_SEARCH_PATHS = "$(inherited) @executable_path/Frameworks";
				PRODUCT_BUNDLE_IDENTIFIER = com.hackeru.ControlsProject;
				PRODUCT_NAME = "$(TARGET_NAME)";
				SWIFT_OBJC_BRIDGING_HEADER = ControlsProject/bridge.h;
				SWIFT_VERSION = 3.0;
			};
			name = Release;
		};
/* End XCBuildConfiguration section */

/* Begin XCConfigurationList section */
		B21410211F31A471002EC08B /* Build configuration list for PBXProject "ControlsProject" */ = {
			isa = XCConfigurationList;
			buildConfigurations = (
				B21410361F31A471002EC08B /* Debug */,
				B21410371F31A471002EC08B /* Release */,
			);
			defaultConfigurationIsVisible = 0;
			defaultConfigurationName = Release;
		};
		B21410381F31A471002EC08B /* Build configuration list for PBXNativeTarget "ControlsProject" */ = {
			isa = XCConfigurationList;
			buildConfigurations = (
				B21410391F31A471002EC08B /* Debug */,
				B214103A1F31A471002EC08B /* Release */,
			);
			defaultConfigurationIsVisible = 0;
		};
/* End XCConfigurationList section */
	};
	rootObject = B214101E1F31A471002EC08B /* Project object */;
}
